
Microsoft Visual Studio Solution File, Format Version 12.00
# Visual Studio 2012
Project("{FAE04EC0-301F-11D3-BF4B-00C04F79EFBC}") = "MixERP.Net.BusinessLayer", "MixERP.net.BusinessLayer\MixERP.Net.BusinessLayer.csproj", "{81DE04CF-7DE9-42FF-8339-D05E2586DCBA}"
EndProject
Project("{FAE04EC0-301F-11D3-BF4B-00C04F79EFBC}") = "MixERP.Net.Common", "MixERP.net.Common\MixERP.Net.Common.csproj", "{D5A09C22-8F48-4FB2-A14D-C62C8C8FCEC0}"
EndProject
Project("{FAE04EC0-301F-11D3-BF4B-00C04F79EFBC}") = "MixERP.Net.DatabaseLayer", "MixERP.net.DatabaseLayer\MixERP.Net.DatabaseLayer.csproj", "{F1F6FB95-5D7E-4E4C-9CC4-AC58DBD8F09F}"
EndProject
Project("{FAE04EC0-301F-11D3-BF4B-00C04F79EFBC}") = "MixERP.Net.FrontEnd", "MixERP.net.FrontEnd\MixERP.Net.FrontEnd.csproj", "{ACE1017D-71BC-4417-A906-72C4B9C55823}"
EndProject
Project("{2150E333-8FDC-42A3-9474-1A3956D46DE8}") = "Tests", "Tests", "{B331910C-E400-4F2D-AAD1-14D73811E81C}"
EndProject
Project("{FAE04EC0-301F-11D3-BF4B-00C04F79EFBC}") = "MixERP.Net.DatabaseLayer.UnitTest", "Tests\Unit Tests\MixERP.Net.DatabaseLayer.UnitTest\MixERP.Net.DatabaseLayer.UnitTest.csproj", "{AF6AC722-C81A-4590-9FAC-6124A775A511}"
EndProject
Project("{FAE04EC0-301F-11D3-BF4B-00C04F79EFBC}") = "MixERP.Net.BusinessLayer.UnitTest", "Tests\Unit Tests\MixERP.Net.BusinessLayer.UnitTest\MixERP.Net.BusinessLayer.UnitTest.csproj", "{8D64F21A-2614-40DB-8045-BD4CCA211BB5}"
EndProject
Project("{2150E333-8FDC-42A3-9474-1A3956D46DE8}") = "Unit Tests", "Unit Tests", "{B6583396-81BE-4A68-91C9-6966E58563F5}"
EndProject
Project("{FAE04EC0-301F-11D3-BF4B-00C04F79EFBC}") = "MixERP.Net.Common.UnitTest", "Tests\Unit Tests\MixERP.Net.Common.UnitTest\MixERP.Net.Common.UnitTest.csproj", "{E247D44C-B0B8-4A6E-9741-3898B882A2A0}"
EndProject
Project("{FAE04EC0-301F-11D3-BF4B-00C04F79EFBC}") = "MixERP.Net.FrontEnd.UnitTest", "Tests\Unit Tests\MixERP.Net.FrontEnd.UnitTest\MixERP.Net.FrontEnd.UnitTest.csproj", "{F60E576B-39C3-4523-B308-A6787BF4FEAC}"
EndProject
Project("{FAE04EC0-301F-11D3-BF4B-00C04F79EFBC}") = "Pes.Utility.UnitTest", "Tests\Unit Tests\Pes.Utility.UnitTest\Pes.Utility.UnitTest.csproj", "{90264B76-326C-414F-96B0-581DE4A88149}"
EndProject
Project("{2150E333-8FDC-42A3-9474-1A3956D46DE8}") = "Web Performance Tests", "Web Performance Tests", "{62698506-0C89-463C-82E7-33521D1B055C}"
EndProject
Project("{FAE04EC0-301F-11D3-BF4B-00C04F79EFBC}") = "MixERP.Net.FrontEnd.WebTest", "Tests\Web Tests\MixERP.Net.FrontEnd.WebTest\MixERP.Net.FrontEnd.WebTest.csproj", "{D072AEBC-C96A-438C-9816-F78339D37E70}"
EndProject
Project("{2150E333-8FDC-42A3-9474-1A3956D46DE8}") = "Solution Items", "Solution Items", "{F12F3FD9-1C35-4C76-9733-8618DA796761}"
	ProjectSection(SolutionItems) = preProject
		Local.testsettings = Local.testsettings
	EndProjectSection
EndProject
Project("{2150E333-8FDC-42A3-9474-1A3956D46DE8}") = "MixERP.Net", "MixERP.Net", "{C832E6A8-B906-4DFC-8458-72C965C0C957}"
EndProject
Global
	GlobalSection(SolutionConfigurationPlatforms) = preSolution
		Debug|Any CPU = Debug|Any CPU
		Mono-Debug|Any CPU = Mono-Debug|Any CPU
		Mono-Release|Any CPU = Mono-Release|Any CPU
		Release|Any CPU = Release|Any CPU
	EndGlobalSection
	GlobalSection(ProjectConfigurationPlatforms) = postSolution
		{81DE04CF-7DE9-42FF-8339-D05E2586DCBA}.Debug|Any CPU.ActiveCfg = Debug|Any CPU
		{81DE04CF-7DE9-42FF-8339-D05E2586DCBA}.Debug|Any CPU.Build.0 = Debug|Any CPU
		{81DE04CF-7DE9-42FF-8339-D05E2586DCBA}.Mono-Debug|Any CPU.ActiveCfg = Debug|Any CPU
		{81DE04CF-7DE9-42FF-8339-D05E2586DCBA}.Mono-Debug|Any CPU.Build.0 = Debug|Any CPU
		{81DE04CF-7DE9-42FF-8339-D05E2586DCBA}.Mono-Release|Any CPU.ActiveCfg = Release|Any CPU
		{81DE04CF-7DE9-42FF-8339-D05E2586DCBA}.Mono-Release|Any CPU.Build.0 = Release|Any CPU
		{81DE04CF-7DE9-42FF-8339-D05E2586DCBA}.Release|Any CPU.ActiveCfg = Release|Any CPU
		{81DE04CF-7DE9-42FF-8339-D05E2586DCBA}.Release|Any CPU.Build.0 = Release|Any CPU
		{D5A09C22-8F48-4FB2-A14D-C62C8C8FCEC0}.Debug|Any CPU.ActiveCfg = Debug|Any CPU
		{D5A09C22-8F48-4FB2-A14D-C62C8C8FCEC0}.Debug|Any CPU.Build.0 = Debug|Any CPU
		{D5A09C22-8F48-4FB2-A14D-C62C8C8FCEC0}.Mono-Debug|Any CPU.ActiveCfg = Debug|Any CPU
		{D5A09C22-8F48-4FB2-A14D-C62C8C8FCEC0}.Mono-Debug|Any CPU.Build.0 = Debug|Any CPU
		{D5A09C22-8F48-4FB2-A14D-C62C8C8FCEC0}.Mono-Release|Any CPU.ActiveCfg = Release|Any CPU
		{D5A09C22-8F48-4FB2-A14D-C62C8C8FCEC0}.Mono-Release|Any CPU.Build.0 = Release|Any CPU
		{D5A09C22-8F48-4FB2-A14D-C62C8C8FCEC0}.Release|Any CPU.ActiveCfg = Release|Any CPU
		{D5A09C22-8F48-4FB2-A14D-C62C8C8FCEC0}.Release|Any CPU.Build.0 = Release|Any CPU
		{F1F6FB95-5D7E-4E4C-9CC4-AC58DBD8F09F}.Debug|Any CPU.ActiveCfg = Debug|Any CPU
		{F1F6FB95-5D7E-4E4C-9CC4-AC58DBD8F09F}.Debug|Any CPU.Build.0 = Debug|Any CPU
		{F1F6FB95-5D7E-4E4C-9CC4-AC58DBD8F09F}.Mono-Debug|Any CPU.ActiveCfg = Debug|Any CPU
		{F1F6FB95-5D7E-4E4C-9CC4-AC58DBD8F09F}.Mono-Debug|Any CPU.Build.0 = Debug|Any CPU
		{F1F6FB95-5D7E-4E4C-9CC4-AC58DBD8F09F}.Mono-Release|Any CPU.ActiveCfg = Release|Any CPU
		{F1F6FB95-5D7E-4E4C-9CC4-AC58DBD8F09F}.Mono-Release|Any CPU.Build.0 = Release|Any CPU
		{F1F6FB95-5D7E-4E4C-9CC4-AC58DBD8F09F}.Release|Any CPU.ActiveCfg = Release|Any CPU
		{F1F6FB95-5D7E-4E4C-9CC4-AC58DBD8F09F}.Release|Any CPU.Build.0 = Release|Any CPU
		{ACE1017D-71BC-4417-A906-72C4B9C55823}.Debug|Any CPU.ActiveCfg = Debug|Any CPU
		{ACE1017D-71BC-4417-A906-72C4B9C55823}.Debug|Any CPU.Build.0 = Debug|Any CPU
		{ACE1017D-71BC-4417-A906-72C4B9C55823}.Mono-Debug|Any CPU.ActiveCfg = Debug|Any CPU
		{ACE1017D-71BC-4417-A906-72C4B9C55823}.Mono-Debug|Any CPU.Build.0 = Debug|Any CPU
		{ACE1017D-71BC-4417-A906-72C4B9C55823}.Mono-Release|Any CPU.ActiveCfg = Release|Any CPU
		{ACE1017D-71BC-4417-A906-72C4B9C55823}.Mono-Release|Any CPU.Build.0 = Release|Any CPU
		{ACE1017D-71BC-4417-A906-72C4B9C55823}.Release|Any CPU.ActiveCfg = Release|Any CPU
		{ACE1017D-71BC-4417-A906-72C4B9C55823}.Release|Any CPU.Build.0 = Release|Any CPU
		{AF6AC722-C81A-4590-9FAC-6124A775A511}.Debug|Any CPU.ActiveCfg = Debug|Any CPU
		{AF6AC722-C81A-4590-9FAC-6124A775A511}.Debug|Any CPU.Build.0 = Debug|Any CPU
		{AF6AC722-C81A-4590-9FAC-6124A775A511}.Mono-Debug|Any CPU.ActiveCfg = Debug|Any CPU
		{AF6AC722-C81A-4590-9FAC-6124A775A511}.Mono-Debug|Any CPU.Build.0 = Debug|Any CPU
		{AF6AC722-C81A-4590-9FAC-6124A775A511}.Mono-Release|Any CPU.ActiveCfg = Release|Any CPU
		{AF6AC722-C81A-4590-9FAC-6124A775A511}.Mono-Release|Any CPU.Build.0 = Release|Any CPU
		{AF6AC722-C81A-4590-9FAC-6124A775A511}.Release|Any CPU.ActiveCfg = Release|Any CPU
		{AF6AC722-C81A-4590-9FAC-6124A775A511}.Release|Any CPU.Build.0 = Release|Any CPU
		{8D64F21A-2614-40DB-8045-BD4CCA211BB5}.Debug|Any CPU.ActiveCfg = Debug|Any CPU
		{8D64F21A-2614-40DB-8045-BD4CCA211BB5}.Debug|Any CPU.Build.0 = Debug|Any CPU
		{8D64F21A-2614-40DB-8045-BD4CCA211BB5}.Mono-Debug|Any CPU.ActiveCfg = Debug|Any CPU
		{8D64F21A-2614-40DB-8045-BD4CCA211BB5}.Mono-Debug|Any CPU.Build.0 = Debug|Any CPU
		{8D64F21A-2614-40DB-8045-BD4CCA211BB5}.Mono-Release|Any CPU.ActiveCfg = Release|Any CPU
		{8D64F21A-2614-40DB-8045-BD4CCA211BB5}.Mono-Release|Any CPU.Build.0 = Release|Any CPU
		{8D64F21A-2614-40DB-8045-BD4CCA211BB5}.Release|Any CPU.ActiveCfg = Release|Any CPU
		{8D64F21A-2614-40DB-8045-BD4CCA211BB5}.Release|Any CPU.Build.0 = Release|Any CPU
		{E247D44C-B0B8-4A6E-9741-3898B882A2A0}.Debug|Any CPU.ActiveCfg = Debug|Any CPU
		{E247D44C-B0B8-4A6E-9741-3898B882A2A0}.Debug|Any CPU.Build.0 = Debug|Any CPU
		{E247D44C-B0B8-4A6E-9741-3898B882A2A0}.Mono-Debug|Any CPU.ActiveCfg = Debug|Any CPU
		{E247D44C-B0B8-4A6E-9741-3898B882A2A0}.Mono-Debug|Any CPU.Build.0 = Debug|Any CPU
		{E247D44C-B0B8-4A6E-9741-3898B882A2A0}.Mono-Release|Any CPU.ActiveCfg = Release|Any CPU
		{E247D44C-B0B8-4A6E-9741-3898B882A2A0}.Mono-Release|Any CPU.Build.0 = Release|Any CPU
		{E247D44C-B0B8-4A6E-9741-3898B882A2A0}.Release|Any CPU.ActiveCfg = Release|Any CPU
		{E247D44C-B0B8-4A6E-9741-3898B882A2A0}.Release|Any CPU.Build.0 = Release|Any CPU
		{F60E576B-39C3-4523-B308-A6787BF4FEAC}.Debug|Any CPU.ActiveCfg = Debug|Any CPU
		{F60E576B-39C3-4523-B308-A6787BF4FEAC}.Debug|Any CPU.Build.0 = Debug|Any CPU
		{F60E576B-39C3-4523-B308-A6787BF4FEAC}.Mono-Debug|Any CPU.ActiveCfg = Debug|Any CPU
		{F60E576B-39C3-4523-B308-A6787BF4FEAC}.Mono-Debug|Any CPU.Build.0 = Debug|Any CPU
		{F60E576B-39C3-4523-B308-A6787BF4FEAC}.Mono-Release|Any CPU.ActiveCfg = Release|Any CPU
		{F60E576B-39C3-4523-B308-A6787BF4FEAC}.Mono-Release|Any CPU.Build.0 = Release|Any CPU
		{F60E576B-39C3-4523-B308-A6787BF4FEAC}.Release|Any CPU.ActiveCfg = Release|Any CPU
		{F60E576B-39C3-4523-B308-A6787BF4FEAC}.Release|Any CPU.Build.0 = Release|Any CPU
		{90264B76-326C-414F-96B0-581DE4A88149}.Debug|Any CPU.ActiveCfg = Debug|Any CPU
		{90264B76-326C-414F-96B0-581DE4A88149}.Debug|Any CPU.Build.0 = Debug|Any CPU
		{90264B76-326C-414F-96B0-581DE4A88149}.Mono-Debug|Any CPU.ActiveCfg = Debug|Any CPU
		{90264B76-326C-414F-96B0-581DE4A88149}.Mono-Debug|Any CPU.Build.0 = Debug|Any CPU
		{90264B76-326C-414F-96B0-581DE4A88149}.Mono-Release|Any CPU.ActiveCfg = Release|Any CPU
		{90264B76-326C-414F-96B0-581DE4A88149}.Mono-Release|Any CPU.Build.0 = Release|Any CPU
		{90264B76-326C-414F-96B0-581DE4A88149}.Release|Any CPU.ActiveCfg = Release|Any CPU
		{90264B76-326C-414F-96B0-581DE4A88149}.Release|Any CPU.Build.0 = Release|Any CPU
		{D072AEBC-C96A-438C-9816-F78339D37E70}.Debug|Any CPU.ActiveCfg = Debug|Any CPU
		{D072AEBC-C96A-438C-9816-F78339D37E70}.Debug|Any CPU.Build.0 = Debug|Any CPU
		{D072AEBC-C96A-438C-9816-F78339D37E70}.Mono-Debug|Any CPU.ActiveCfg = Debug|Any CPU
		{D072AEBC-C96A-438C-9816-F78339D37E70}.Mono-Debug|Any CPU.Build.0 = Debug|Any CPU
		{D072AEBC-C96A-438C-9816-F78339D37E70}.Mono-Release|Any CPU.ActiveCfg = Release|Any CPU
		{D072AEBC-C96A-438C-9816-F78339D37E70}.Mono-Release|Any CPU.Build.0 = Release|Any CPU
		{D072AEBC-C96A-438C-9816-F78339D37E70}.Release|Any CPU.ActiveCfg = Release|Any CPU
		{D072AEBC-C96A-438C-9816-F78339D37E70}.Release|Any CPU.Build.0 = Release|Any CPU
	EndGlobalSection
	GlobalSection(SolutionProperties) = preSolution
		HideSolutionNode = FALSE
	EndGlobalSection
	GlobalSection(NestedProjects) = preSolution
		{D5A09C22-8F48-4FB2-A14D-C62C8C8FCEC0} = {C832E6A8-B906-4DFC-8458-72C965C0C957}
		{F1F6FB95-5D7E-4E4C-9CC4-AC58DBD8F09F} = {C832E6A8-B906-4DFC-8458-72C965C0C957}
		{ACE1017D-71BC-4417-A906-72C4B9C55823} = {C832E6A8-B906-4DFC-8458-72C965C0C957}
		{81DE04CF-7DE9-42FF-8339-D05E2586DCBA} = {C832E6A8-B906-4DFC-8458-72C965C0C957}
		{B6583396-81BE-4A68-91C9-6966E58563F5} = {B331910C-E400-4F2D-AAD1-14D73811E81C}
		{62698506-0C89-463C-82E7-33521D1B055C} = {B331910C-E400-4F2D-AAD1-14D73811E81C}
		{8D64F21A-2614-40DB-8045-BD4CCA211BB5} = {B6583396-81BE-4A68-91C9-6966E58563F5}
		{AF6AC722-C81A-4590-9FAC-6124A775A511} = {B6583396-81BE-4A68-91C9-6966E58563F5}
		{E247D44C-B0B8-4A6E-9741-3898B882A2A0} = {B6583396-81BE-4A68-91C9-6966E58563F5}
		{F60E576B-39C3-4523-B308-A6787BF4FEAC} = {B6583396-81BE-4A68-91C9-6966E58563F5}
		{90264B76-326C-414F-96B0-581DE4A88149} = {B6583396-81BE-4A68-91C9-6966E58563F5}
		{D072AEBC-C96A-438C-9816-F78339D37E70} = {62698506-0C89-463C-82E7-33521D1B055C}
		{F12F3FD9-1C35-4C76-9733-8618DA796761} = {62698506-0C89-463C-82E7-33521D1B055C}
	EndGlobalSection
EndGlobal
